
Microsoft Visual Studio Solution File, Format Version 12.00
# Visual Studio Version 17
VisualStudioVersion = 17.4.33403.182
MinimumVisualStudioVersion = 10.0.40219.1
Project("{FAE04EC0-301F-11D3-BF4B-00C04F79EFBC}") = "EstruturaSwicth-case", "EstruturaSwicth-case\EstruturaSwicth-case.csproj", "{A267EC84-D7AD-4A6B-B8AA-894FE2411E56}"
EndProject
Global
	GlobalSection(SolutionConfigurationPlatforms) = preSolution
		Debug|Any CPU = Debug|Any CPU
		Release|Any CPU = Release|Any CPU
	EndGlobalSection
	GlobalSection(ProjectConfigurationPlatforms) = postSolution
		{A267EC84-D7AD-4A6B-B8AA-894FE2411E56}.Debug|Any CPU.ActiveCfg = Debug|Any CPU
		{A267EC84-D7AD-4A6B-B8AA-894FE2411E56}.Debug|Any CPU.Build.0 = Debug|Any CPU
		{A267EC84-D7AD-4A6B-B8AA-894FE2411E56}.Release|Any CPU.ActiveCfg = Release|Any CPU
		{A267EC84-D7AD-4A6B-B8AA-894FE2411E56}.Release|Any CPU.Build.0 = Release|Any CPU
	EndGlobalSection
	GlobalSection(SolutionProperties) = preSolution
		HideSolutionNode = FALSE
	EndGlobalSection
	GlobalSection(ExtensibilityGlobals) = postSolution
		SolutionGuid = {78D0961B-E238-4523-86A2-D33940B567BE}
	EndGlobalSection
EndGlobal
